
Microsoft Visual Studio Solution File, Format Version 12.00
# Visual Studio Version 17
VisualStudioVersion = 17.8.34330.188
MinimumVisualStudioVersion = 10.0.40219.1
Project("{FAE04EC0-301F-11D3-BF4B-00C04F79EFBC}") = "MotorReparation.API", "MotorReparation.API\MotorReparation.API.csproj", "{0969CC50-C9E1-46CD-850C-CDE6ADA14228}"
EndProject
Global
	GlobalSection(SolutionConfigurationPlatforms) = preSolution
		Debug|Any CPU = Debug|Any CPU
		Release|Any CPU = Release|Any CPU
	EndGlobalSection
	GlobalSection(ProjectConfigurationPlatforms) = postSolution
		{0969CC50-C9E1-46CD-850C-CDE6ADA14228}.Debug|Any CPU.ActiveCfg = Debug|Any CPU
		{0969CC50-C9E1-46CD-850C-CDE6ADA14228}.Debug|Any CPU.Build.0 = Debug|Any CPU
		{0969CC50-C9E1-46CD-850C-CDE6ADA14228}.Release|Any CPU.ActiveCfg = Release|Any CPU
		{0969CC50-C9E1-46CD-850C-CDE6ADA14228}.Release|Any CPU.Build.0 = Release|Any CPU
	EndGlobalSection
	GlobalSection(SolutionProperties) = preSolution
		HideSolutionNode = FALSE
	EndGlobalSection
	GlobalSection(ExtensibilityGlobals) = postSolution
		SolutionGuid = {402DDAA7-0207-4972-966A-CB5F8EC1B92F}
	EndGlobalSection
EndGlobal
